
Microsoft Visual Studio Solution File, Format Version 12.00
# Visual Studio Version 17
VisualStudioVersion = 17.7.34031.279
MinimumVisualStudioVersion = 10.0.40219.1
Project("{8BC9CEB8-8B4A-11D0-8D11-00A0C91BC942}") = "laba1", "laba1\laba1.vcxproj", "{46FB09C6-C4B2-4D08-ABC4-2D55C156CA7E}"
EndProject
Global
	GlobalSection(SolutionConfigurationPlatforms) = preSolution
		Debug|x64 = Debug|x64
		Debug|x86 = Debug|x86
		Release|x64 = Release|x64
		Release|x86 = Release|x86
	EndGlobalSection
	GlobalSection(ProjectConfigurationPlatforms) = postSolution
		{46FB09C6-C4B2-4D08-ABC4-2D55C156CA7E}.Debug|x64.ActiveCfg = Debug|x64
		{46FB09C6-C4B2-4D08-ABC4-2D55C156CA7E}.Debug|x64.Build.0 = Debug|x64
		{46FB09C6-C4B2-4D08-ABC4-2D55C156CA7E}.Debug|x86.ActiveCfg = Debug|Win32
		{46FB09C6-C4B2-4D08-ABC4-2D55C156CA7E}.Debug|x86.Build.0 = Debug|Win32
		{46FB09C6-C4B2-4D08-ABC4-2D55C156CA7E}.Release|x64.ActiveCfg = Release|x64
		{46FB09C6-C4B2-4D08-ABC4-2D55C156CA7E}.Release|x64.Build.0 = Release|x64
		{46FB09C6-C4B2-4D08-ABC4-2D55C156CA7E}.Release|x86.ActiveCfg = Release|Win32
		{46FB09C6-C4B2-4D08-ABC4-2D55C156CA7E}.Release|x86.Build.0 = Release|Win32
	EndGlobalSection
	GlobalSection(SolutionProperties) = preSolution
		HideSolutionNode = FALSE
	EndGlobalSection
	GlobalSection(ExtensibilityGlobals) = postSolution
		SolutionGuid = {A317C31B-EF06-462B-A4BA-791F9A750565}
	EndGlobalSection
EndGlobal
